
Microsoft Visual Studio Solution File, Format Version 12.00
# Visual Studio Version 16
VisualStudioVersion = 16.0.29318.209
MinimumVisualStudioVersion = 10.0.40219.1
Project("{9A19103F-16F7-4668-BE54-9A1E7A4F7556}") = "OnlineExamer", "OnlineExamer\OnlineExamer.csproj", "{CE1C10FD-D1BE-4EC7-8401-6DE44608E4D1}"
EndProject
Project("{FAE04EC0-301F-11D3-BF4B-00C04F79EFBC}") = "OnlineExamer.Data", "OnlineExamer.Data\OnlineExamer.Data.csproj", "{540EC689-F219-428E-B3C2-F283560C5E45}"
EndProject
Project("{FAE04EC0-301F-11D3-BF4B-00C04F79EFBC}") = "OnlineExamer.Data.Common", "OnlineExamer.Data.Common\OnlineExamer.Data.Common.csproj", "{B28CC3E6-702A-423A-8AA7-AEEDCD9D1C89}"
EndProject
Project("{FAE04EC0-301F-11D3-BF4B-00C04F79EFBC}") = "OnlineExamer.Data.Domain", "OnlineExamer.Data.Domain\OnlineExamer.Data.Domain.csproj", "{572F8E28-7746-4D9F-9B6A-7B234A433BAE}"
EndProject
Project("{FAE04EC0-301F-11D3-BF4B-00C04F79EFBC}") = "OnlineExamer.Services", "OnlineExamer.Services\OnlineExamer.Services.csproj", "{E34FBFB9-23A8-447E-8CBF-A586AB0178ED}"
EndProject
Project("{FAE04EC0-301F-11D3-BF4B-00C04F79EFBC}") = "OnlineExamer.Common", "OnlineExamer.Common\OnlineExamer.Common.csproj", "{D5AD1E13-A9AC-4569-B262-AA17B0841FAB}"
EndProject
Project("{FAE04EC0-301F-11D3-BF4B-00C04F79EFBC}") = "OnlineExamer.Models", "OnlineExamer.Models\OnlineExamer.Models.csproj", "{33001471-7136-4E81-ABC6-61C417397733}"
EndProject
Project("{2150E333-8FDC-42A3-9474-1A3956D46DE8}") = "Web", "Web", "{413B978A-145B-4CFA-AE35-5E2C0E190226}"
EndProject
Project("{2150E333-8FDC-42A3-9474-1A3956D46DE8}") = "Data", "Data", "{1B9B659D-F1D5-4EE5-8B2C-50D384CF7B84}"
EndProject
Project("{2150E333-8FDC-42A3-9474-1A3956D46DE8}") = "Services", "Services", "{5C65E71A-EF1F-44A9-AC5C-6C4755383325}"
EndProject
Global
	GlobalSection(SolutionConfigurationPlatforms) = preSolution
		Debug|Any CPU = Debug|Any CPU
		Release|Any CPU = Release|Any CPU
	EndGlobalSection
	GlobalSection(ProjectConfigurationPlatforms) = postSolution
		{CE1C10FD-D1BE-4EC7-8401-6DE44608E4D1}.Debug|Any CPU.ActiveCfg = Debug|Any CPU
		{CE1C10FD-D1BE-4EC7-8401-6DE44608E4D1}.Debug|Any CPU.Build.0 = Debug|Any CPU
		{CE1C10FD-D1BE-4EC7-8401-6DE44608E4D1}.Release|Any CPU.ActiveCfg = Release|Any CPU
		{CE1C10FD-D1BE-4EC7-8401-6DE44608E4D1}.Release|Any CPU.Build.0 = Release|Any CPU
		{540EC689-F219-428E-B3C2-F283560C5E45}.Debug|Any CPU.ActiveCfg = Debug|Any CPU
		{540EC689-F219-428E-B3C2-F283560C5E45}.Debug|Any CPU.Build.0 = Debug|Any CPU
		{540EC689-F219-428E-B3C2-F283560C5E45}.Release|Any CPU.ActiveCfg = Release|Any CPU
		{540EC689-F219-428E-B3C2-F283560C5E45}.Release|Any CPU.Build.0 = Release|Any CPU
		{B28CC3E6-702A-423A-8AA7-AEEDCD9D1C89}.Debug|Any CPU.ActiveCfg = Debug|Any CPU
		{B28CC3E6-702A-423A-8AA7-AEEDCD9D1C89}.Debug|Any CPU.Build.0 = Debug|Any CPU
		{B28CC3E6-702A-423A-8AA7-AEEDCD9D1C89}.Release|Any CPU.ActiveCfg = Release|Any CPU
		{B28CC3E6-702A-423A-8AA7-AEEDCD9D1C89}.Release|Any CPU.Build.0 = Release|Any CPU
		{572F8E28-7746-4D9F-9B6A-7B234A433BAE}.Debug|Any CPU.ActiveCfg = Debug|Any CPU
		{572F8E28-7746-4D9F-9B6A-7B234A433BAE}.Debug|Any CPU.Build.0 = Debug|Any CPU
		{572F8E28-7746-4D9F-9B6A-7B234A433BAE}.Release|Any CPU.ActiveCfg = Release|Any CPU
		{572F8E28-7746-4D9F-9B6A-7B234A433BAE}.Release|Any CPU.Build.0 = Release|Any CPU
		{E34FBFB9-23A8-447E-8CBF-A586AB0178ED}.Debug|Any CPU.ActiveCfg = Debug|Any CPU
		{E34FBFB9-23A8-447E-8CBF-A586AB0178ED}.Debug|Any CPU.Build.0 = Debug|Any CPU
		{E34FBFB9-23A8-447E-8CBF-A586AB0178ED}.Release|Any CPU.ActiveCfg = Release|Any CPU
		{E34FBFB9-23A8-447E-8CBF-A586AB0178ED}.Release|Any CPU.Build.0 = Release|Any CPU
		{D5AD1E13-A9AC-4569-B262-AA17B0841FAB}.Debug|Any CPU.ActiveCfg = Debug|Any CPU
		{D5AD1E13-A9AC-4569-B262-AA17B0841FAB}.Debug|Any CPU.Build.0 = Debug|Any CPU
		{D5AD1E13-A9AC-4569-B262-AA17B0841FAB}.Release|Any CPU.ActiveCfg = Release|Any CPU
		{D5AD1E13-A9AC-4569-B262-AA17B0841FAB}.Release|Any CPU.Build.0 = Release|Any CPU
		{33001471-7136-4E81-ABC6-61C417397733}.Debug|Any CPU.ActiveCfg = Debug|Any CPU
		{33001471-7136-4E81-ABC6-61C417397733}.Debug|Any CPU.Build.0 = Debug|Any CPU
		{33001471-7136-4E81-ABC6-61C417397733}.Release|Any CPU.ActiveCfg = Release|Any CPU
		{33001471-7136-4E81-ABC6-61C417397733}.Release|Any CPU.Build.0 = Release|Any CPU
	EndGlobalSection
	GlobalSection(SolutionProperties) = preSolution
		HideSolutionNode = FALSE
	EndGlobalSection
	GlobalSection(NestedProjects) = preSolution
		{CE1C10FD-D1BE-4EC7-8401-6DE44608E4D1} = {413B978A-145B-4CFA-AE35-5E2C0E190226}
		{540EC689-F219-428E-B3C2-F283560C5E45} = {1B9B659D-F1D5-4EE5-8B2C-50D384CF7B84}
		{B28CC3E6-702A-423A-8AA7-AEEDCD9D1C89} = {1B9B659D-F1D5-4EE5-8B2C-50D384CF7B84}
		{572F8E28-7746-4D9F-9B6A-7B234A433BAE} = {1B9B659D-F1D5-4EE5-8B2C-50D384CF7B84}
		{E34FBFB9-23A8-447E-8CBF-A586AB0178ED} = {5C65E71A-EF1F-44A9-AC5C-6C4755383325}
	EndGlobalSection
	GlobalSection(ExtensibilityGlobals) = postSolution
		SolutionGuid = {13289814-F929-4AED-9F58-C95FC48E1388}
	EndGlobalSection
EndGlobal
